
Microsoft Visual Studio Solution File, Format Version 12.00
# Visual Studio Version 16
VisualStudioVersion = 16.0.32106.194
MinimumVisualStudioVersion = 10.0.40219.1
Project("{FAE04EC0-301F-11D3-BF4B-00C04F79EFBC}") = "Restaraunt.Booking", "Restaraunt.Booking.csproj", "{84390CA3-39DD-479F-988B-330DD09002A3}"
EndProject
Global
	GlobalSection(SolutionConfigurationPlatforms) = preSolution
		Debug|Any CPU = Debug|Any CPU
		Release|Any CPU = Release|Any CPU
	EndGlobalSection
	GlobalSection(ProjectConfigurationPlatforms) = postSolution
		{84390CA3-39DD-479F-988B-330DD09002A3}.Debug|Any CPU.ActiveCfg = Debug|Any CPU
		{84390CA3-39DD-479F-988B-330DD09002A3}.Debug|Any CPU.Build.0 = Debug|Any CPU
		{84390CA3-39DD-479F-988B-330DD09002A3}.Release|Any CPU.ActiveCfg = Release|Any CPU
		{84390CA3-39DD-479F-988B-330DD09002A3}.Release|Any CPU.Build.0 = Release|Any CPU
	EndGlobalSection
	GlobalSection(SolutionProperties) = preSolution
		HideSolutionNode = FALSE
	EndGlobalSection
	GlobalSection(ExtensibilityGlobals) = postSolution
		SolutionGuid = {3F4FC0A4-DAE3-47E2-A888-B6AB74B8DEFE}
	EndGlobalSection
EndGlobal
